
Microsoft Visual Studio Solution File, Format Version 12.00
# Visual Studio 14
VisualStudioVersion = 14.0.25420.1
MinimumVisualStudioVersion = 10.0.40219.1
Project("{2150E333-8FDC-42A3-9474-1A3956D46DE8}") = "Misc", "Misc", "{3C6C3050-667B-4962-868D-82F5D9F11B61}"
	ProjectSection(SolutionItems) = preProject
		..\README.md = ..\README.md
	EndProjectSection
EndProject
Project("{2150E333-8FDC-42A3-9474-1A3956D46DE8}") = "Nuspec", "Nuspec", "{8430D04B-ACDE-4A3E-B82F-2B418393F83B}"
	ProjectSection(SolutionItems) = preProject
		Destiny.Net.Core\Destiny.Net.Core.nuspec = Destiny.Net.Core\Destiny.Net.Core.nuspec
	EndProjectSection
EndProject
Project("{FAE04EC0-301F-11D3-BF4B-00C04F79EFBC}") = "Destiny.Net.Core", "Destiny.Net.Core\Destiny.Net.Core.csproj", "{E2A18593-0E61-4ABD-827E-40559F0DBE80}"
EndProject
Project("{FAE04EC0-301F-11D3-BF4B-00C04F79EFBC}") = "Destiny.Net.Test", "Destiny.Net.Test\Destiny.Net.Test.csproj", "{38556BEB-BA4F-4402-BF74-02714DE924DF}"
EndProject
Global
	GlobalSection(SolutionConfigurationPlatforms) = preSolution
		Debug|Any CPU = Debug|Any CPU
		Release|Any CPU = Release|Any CPU
	EndGlobalSection
	GlobalSection(ProjectConfigurationPlatforms) = postSolution
		{E2A18593-0E61-4ABD-827E-40559F0DBE80}.Debug|Any CPU.ActiveCfg = Debug|Any CPU
		{E2A18593-0E61-4ABD-827E-40559F0DBE80}.Debug|Any CPU.Build.0 = Debug|Any CPU
		{E2A18593-0E61-4ABD-827E-40559F0DBE80}.Release|Any CPU.ActiveCfg = Release|Any CPU
		{E2A18593-0E61-4ABD-827E-40559F0DBE80}.Release|Any CPU.Build.0 = Release|Any CPU
		{38556BEB-BA4F-4402-BF74-02714DE924DF}.Debug|Any CPU.ActiveCfg = Debug|Any CPU
		{38556BEB-BA4F-4402-BF74-02714DE924DF}.Debug|Any CPU.Build.0 = Debug|Any CPU
		{38556BEB-BA4F-4402-BF74-02714DE924DF}.Release|Any CPU.ActiveCfg = Release|Any CPU
		{38556BEB-BA4F-4402-BF74-02714DE924DF}.Release|Any CPU.Build.0 = Release|Any CPU
	EndGlobalSection
	GlobalSection(SolutionProperties) = preSolution
		HideSolutionNode = FALSE
	EndGlobalSection
EndGlobal
